// !$*UTF8*$!
{
	archiveVersion = 1;
	classes = {
	};
	objectVersion = 50;
	objects = {

/* Begin PBXBuildFile section */
		A325795D21D5540800DB5980 /* FocusSquare.swift in Sources */ = {isa = PBXBuildFile; fileRef = A325795C21D5540800DB5980 /* FocusSquare.swift */; };
		A325796021D5546B00DB5980 /* FocusSquareSegment.swift in Sources */ = {isa = PBXBuildFile; fileRef = A325795F21D5546B00DB5980 /* FocusSquareSegment.swift */; };
		A325796321D5552C00DB5980 /* Utilities.swift in Sources */ = {isa = PBXBuildFile; fileRef = A325796221D5552C00DB5980 /* Utilities.swift */; };
		A325796721D55A8500DB5980 /* VirtualObjectLoader.swift in Sources */ = {isa = PBXBuildFile; fileRef = A325796521D55A8500DB5980 /* VirtualObjectLoader.swift */; };
		A325796821D55A8500DB5980 /* VirtualObject.swift in Sources */ = {isa = PBXBuildFile; fileRef = A325796621D55A8500DB5980 /* VirtualObject.swift */; };
		A34AC64021D58473003031BB /* VirtualObjectARView.swift in Sources */ = {isa = PBXBuildFile; fileRef = A34AC63F21D58473003031BB /* VirtualObjectARView.swift */; };
		A3D0590F21D07B51000E1DA9 /* Models.scnassets in Resources */ = {isa = PBXBuildFile; fileRef = A3D0590E21D07B51000E1DA9 /* Models.scnassets */; };
		A3D0591921D07B53000E1DA9 /* LaunchScreen.storyboard in Resources */ = {isa = PBXBuildFile; fileRef = A3D0591721D07B53000E1DA9 /* LaunchScreen.storyboard */; };
		A3DEED4421D5878900381D74 /* ViewController+ObjectSelection.swift in Sources */ = {isa = PBXBuildFile; fileRef = A3DEED3C21D5878800381D74 /* ViewController+ObjectSelection.swift */; };
		A3DEED4621D5878900381D74 /* ViewController+Actions.swift in Sources */ = {isa = PBXBuildFile; fileRef = A3DEED3E21D5878800381D74 /* ViewController+Actions.swift */; };
		A3DEED4721D5878900381D74 /* VirtualObjectInteraction.swift in Sources */ = {isa = PBXBuildFile; fileRef = A3DEED3F21D5878800381D74 /* VirtualObjectInteraction.swift */; };
		A3DEED4A21D5878900381D74 /* ThresholdPanGesture.swift in Sources */ = {isa = PBXBuildFile; fileRef = A3DEED4221D5878900381D74 /* ThresholdPanGesture.swift */; };
		A3DEED4B21D5878900381D74 /* ViewController+ARSCNViewDelegate.swift in Sources */ = {isa = PBXBuildFile; fileRef = A3DEED4321D5878900381D74 /* ViewController+ARSCNViewDelegate.swift */; };
		A3DEED5421D5888900381D74 /* ViewController.swift in Sources */ = {isa = PBXBuildFile; fileRef = A3DEED5221D5888800381D74 /* ViewController.swift */; };
		A3DEED5521D5888900381D74 /* AppDelegate.swift in Sources */ = {isa = PBXBuildFile; fileRef = A3DEED5321D5888900381D74 /* AppDelegate.swift */; };
		A3DEED5921D588BC00381D74 /* VirtualObjectSelection.swift in Sources */ = {isa = PBXBuildFile; fileRef = A3DEED5721D588BC00381D74 /* VirtualObjectSelection.swift */; };
		A3DEED5A21D588BC00381D74 /* StatusViewController.swift in Sources */ = {isa = PBXBuildFile; fileRef = A3DEED5821D588BC00381D74 /* StatusViewController.swift */; };
		A3DEED5C21D5893300381D74 /* Assets.xcassets in Resources */ = {isa = PBXBuildFile; fileRef = A3DEED5B21D5893300381D74 /* Assets.xcassets */; };
		A3DEED5E21D5895900381D74 /* Main.storyboard in Resources */ = {isa = PBXBuildFile; fileRef = A3DEED5D21D5895900381D74 /* Main.storyboard */; };
/* End PBXBuildFile section */

/* Begin PBXFileReference section */
		A325795C21D5540800DB5980 /* FocusSquare.swift */ = {isa = PBXFileReference; lastKnownFileType = sourcecode.swift; path = FocusSquare.swift; sourceTree = "<group>"; };
		A325795F21D5546B00DB5980 /* FocusSquareSegment.swift */ = {isa = PBXFileReference; lastKnownFileType = sourcecode.swift; path = FocusSquareSegment.swift; sourceTree = "<group>"; };
		A325796221D5552C00DB5980 /* Utilities.swift */ = {isa = PBXFileReference; fileEncoding = 4; lastKnownFileType = sourcecode.swift; path = Utilities.swift; sourceTree = "<group>"; };
		A325796521D55A8500DB5980 /* VirtualObjectLoader.swift */ = {isa = PBXFileReference; fileEncoding = 4; lastKnownFileType = sourcecode.swift; path = VirtualObjectLoader.swift; sourceTree = "<group>"; };
		A325796621D55A8500DB5980 /* VirtualObject.swift */ = {isa = PBXFileReference; fileEncoding = 4; lastKnownFileType = sourcecode.swift; path = VirtualObject.swift; sourceTree = "<group>"; };
		A34AC63F21D58473003031BB /* VirtualObjectARView.swift */ = {isa = PBXFileReference; fileEncoding = 4; lastKnownFileType = sourcecode.swift; path = VirtualObjectARView.swift; sourceTree = "<group>"; };
		A37AB00621D6F0370028E21B /* README.md */ = {isa = PBXFileReference; lastKnownFileType = net.daringfireball.markdown; path = README.md; sourceTree = "<group>"; };
		A3D0590921D07B51000E1DA9 /* ARZoo.app */ = {isa = PBXFileReference; explicitFileType = wrapper.application; includeInIndex = 0; path = ARZoo.app; sourceTree = BUILT_PRODUCTS_DIR; };
		A3D0590E21D07B51000E1DA9 /* Models.scnassets */ = {isa = PBXFileReference; lastKnownFileType = wrapper.scnassets; path = Models.scnassets; sourceTree = "<group>"; };
		A3D0591821D07B53000E1DA9 /* Base */ = {isa = PBXFileReference; lastKnownFileType = file.storyboard; name = Base; path = Base.lproj/LaunchScreen.storyboard; sourceTree = "<group>"; };
		A3D0591A21D07B53000E1DA9 /* Info.plist */ = {isa = PBXFileReference; lastKnownFileType = text.plist.xml; path = Info.plist; sourceTree = "<group>"; };
		A3DEED3C21D5878800381D74 /* ViewController+ObjectSelection.swift */ = {isa = PBXFileReference; fileEncoding = 4; lastKnownFileType = sourcecode.swift; path = "ViewController+ObjectSelection.swift"; sourceTree = "<group>"; };
		A3DEED3E21D5878800381D74 /* ViewController+Actions.swift */ = {isa = PBXFileReference; fileEncoding = 4; lastKnownFileType = sourcecode.swift; path = "ViewController+Actions.swift"; sourceTree = "<group>"; };
		A3DEED3F21D5878800381D74 /* VirtualObjectInteraction.swift */ = {isa = PBXFileReference; fileEncoding = 4; lastKnownFileType = sourcecode.swift; path = VirtualObjectInteraction.swift; sourceTree = "<group>"; };
		A3DEED4221D5878900381D74 /* ThresholdPanGesture.swift */ = {isa = PBXFileReference; fileEncoding = 4; lastKnownFileType = sourcecode.swift; path = ThresholdPanGesture.swift; sourceTree = "<group>"; };
		A3DEED4321D5878900381D74 /* ViewController+ARSCNViewDelegate.swift */ = {isa = PBXFileReference; fileEncoding = 4; lastKnownFileType = sourcecode.swift; path = "ViewController+ARSCNViewDelegate.swift"; sourceTree = "<group>"; };
		A3DEED5221D5888800381D74 /* ViewController.swift */ = {isa = PBXFileReference; fileEncoding = 4; lastKnownFileType = sourcecode.swift; path = ViewController.swift; sourceTree = "<group>"; };
		A3DEED5321D5888900381D74 /* AppDelegate.swift */ = {isa = PBXFileReference; fileEncoding = 4; lastKnownFileType = sourcecode.swift; path = AppDelegate.swift; sourceTree = "<group>"; };
		A3DEED5721D588BC00381D74 /* VirtualObjectSelection.swift */ = {isa = PBXFileReference; fileEncoding = 4; lastKnownFileType = sourcecode.swift; path = VirtualObjectSelection.swift; sourceTree = "<group>"; };
		A3DEED5821D588BC00381D74 /* StatusViewController.swift */ = {isa = PBXFileReference; fileEncoding = 4; lastKnownFileType = sourcecode.swift; path = StatusViewController.swift; sourceTree = "<group>"; };
		A3DEED5B21D5893300381D74 /* Assets.xcassets */ = {isa = PBXFileReference; lastKnownFileType = folder.assetcatalog; path = Assets.xcassets; sourceTree = "<group>"; };
		A3DEED5D21D5895900381D74 /* Main.storyboard */ = {isa = PBXFileReference; fileEncoding = 4; lastKnownFileType = file.storyboard; path = Main.storyboard; sourceTree = "<group>"; };
/* End PBXFileReference section */

/* Begin PBXFrameworksBuildPhase section */
		A3D0590621D07B51000E1DA9 /* Frameworks */ = {
			isa = PBXFrameworksBuildPhase;
			buildActionMask = 2147483647;
			files = (
			);
			runOnlyForDeploymentPostprocessing = 0;
		};
/* End PBXFrameworksBuildPhase section */

/* Begin PBXGroup section */
		A325795E21D5541D00DB5980 /* Focus Square */ = {
			isa = PBXGroup;
			children = (
				A325795C21D5540800DB5980 /* FocusSquare.swift */,
				A325795F21D5546B00DB5980 /* FocusSquareSegment.swift */,
			);
			path = "Focus Square";
			sourceTree = "<group>";
		};
		A325796121D5552C00DB5980 /* Utilities */ = {
			isa = PBXGroup;
			children = (
				A325796221D5552C00DB5980 /* Utilities.swift */,
			);
			path = Utilities;
			sourceTree = "<group>";
		};
		A325796421D55A8500DB5980 /* Virtual Objects */ = {
			isa = PBXGroup;
			children = (
				A325796521D55A8500DB5980 /* VirtualObjectLoader.swift */,
				A325796621D55A8500DB5980 /* VirtualObject.swift */,
			);
			path = "Virtual Objects";
			sourceTree = "<group>";
		};
		A325796921D55BAF00DB5980 /* Resources */ = {
			isa = PBXGroup;
			children = (
				A3DEED5B21D5893300381D74 /* Assets.xcassets */,
				A3D0590E21D07B51000E1DA9 /* Models.scnassets */,
				A3D0591721D07B53000E1DA9 /* LaunchScreen.storyboard */,
				A3DEED5D21D5895900381D74 /* Main.storyboard */,
				A3D0591A21D07B53000E1DA9 /* Info.plist */,
			);
			path = Resources;
			sourceTree = "<group>";
		};
		A3D0590021D07B51000E1DA9 = {
			isa = PBXGroup;
			children = (
				A37AB00621D6F0370028E21B /* README.md */,
				A3D0590B21D07B51000E1DA9 /* ARZoo */,
				A3D0590A21D07B51000E1DA9 /* Products */,
			);
			sourceTree = "<group>";
		};
		A3D0590A21D07B51000E1DA9 /* Products */ = {
			isa = PBXGroup;
			children = (
				A3D0590921D07B51000E1DA9 /* ARZoo.app */,
			);
			name = Products;
			sourceTree = "<group>";
		};
		A3D0590B21D07B51000E1DA9 /* ARZoo */ = {
			isa = PBXGroup;
			children = (
				A3DEED5321D5888900381D74 /* AppDelegate.swift */,
				A3DEED5221D5888800381D74 /* ViewController.swift */,
				A3DEED4221D5878900381D74 /* ThresholdPanGesture.swift */,
				A34AC63F21D58473003031BB /* VirtualObjectARView.swift */,
				A3DEED3E21D5878800381D74 /* ViewController+Actions.swift */,
				A3DEED4321D5878900381D74 /* ViewController+ARSCNViewDelegate.swift */,
				A3DEED3C21D5878800381D74 /* ViewController+ObjectSelection.swift */,
				A3DEED3F21D5878800381D74 /* VirtualObjectInteraction.swift */,
				A325796421D55A8500DB5980 /* Virtual Objects */,
				A325795E21D5541D00DB5980 /* Focus Square */,
				A3DEED5621D588BC00381D74 /* Additional View Controllers */,
				A325796121D5552C00DB5980 /* Utilities */,
				A325796921D55BAF00DB5980 /* Resources */,
			);
			path = ARZoo;
			sourceTree = "<group>";
		};
		A3DEED5621D588BC00381D74 /* Additional View Controllers */ = {
			isa = PBXGroup;
			children = (
				A3DEED5721D588BC00381D74 /* VirtualObjectSelection.swift */,
				A3DEED5821D588BC00381D74 /* StatusViewController.swift */,
			);
			path = "Additional View Controllers";
			sourceTree = "<group>";
		};
/* End PBXGroup section */

/* Begin PBXNativeTarget section */
		A3D0590821D07B51000E1DA9 /* ARZoo */ = {
			isa = PBXNativeTarget;
			buildConfigurationList = A3D0591D21D07B53000E1DA9 /* Build configuration list for PBXNativeTarget "ARZoo" */;
			buildPhases = (
				A3D0590521D07B51000E1DA9 /* Sources */,
				A3D0590621D07B51000E1DA9 /* Frameworks */,
				A3D0590721D07B51000E1DA9 /* Resources */,
			);
			buildRules = (
			);
			dependencies = (
			);
			name = ARZoo;
			productName = ARZoo;
			productReference = A3D0590921D07B51000E1DA9 /* ARZoo.app */;
			productType = "com.apple.product-type.application";
		};
/* End PBXNativeTarget section */

/* Begin PBXProject section */
		A3D0590121D07B51000E1DA9 /* Project object */ = {
			isa = PBXProject;
			attributes = {
				LastSwiftUpdateCheck = 1010;
				LastUpgradeCheck = 1010;
				ORGANIZATIONNAME = "Geng Wang";
				TargetAttributes = {
					A3D0590821D07B51000E1DA9 = {
						CreatedOnToolsVersion = 10.1;
					};
				};
			};
			buildConfigurationList = A3D0590421D07B51000E1DA9 /* Build configuration list for PBXProject "ARZoo" */;
			compatibilityVersion = "Xcode 9.3";
			developmentRegion = en;
			hasScannedForEncodings = 0;
			knownRegions = (
				en,
				Base,
			);
			mainGroup = A3D0590021D07B51000E1DA9;
			productRefGroup = A3D0590A21D07B51000E1DA9 /* Products */;
			projectDirPath = "";
			projectRoot = "";
			targets = (
				A3D0590821D07B51000E1DA9 /* ARZoo */,
			);
		};
/* End PBXProject section */

/* Begin PBXResourcesBuildPhase section */
		A3D0590721D07B51000E1DA9 /* Resources */ = {
			isa = PBXResourcesBuildPhase;
			buildActionMask = 2147483647;
			files = (
				A3D0590F21D07B51000E1DA9 /* Models.scnassets in Resources */,
				A3D0591921D07B53000E1DA9 /* LaunchScreen.storyboard in Resources */,
				A3DEED5C21D5893300381D74 /* Assets.xcassets in Resources */,
				A3DEED5E21D5895900381D74 /* Main.storyboard in Resources */,
			);
			runOnlyForDeploymentPostprocessing = 0;
		};
/* End PBXResourcesBuildPhase section */

/* Begin PBXSourcesBuildPhase section */
		A3D0590521D07B51000E1DA9 /* Sources */ = {
			isa = PBXSourcesBuildPhase;
			buildActionMask = 2147483647;
			files = (
				A3DEED4421D5878900381D74 /* ViewController+ObjectSelection.swift in Sources */,
				A3DEED5921D588BC00381D74 /* VirtualObjectSelection.swift in Sources */,
				A34AC64021D58473003031BB /* VirtualObjectARView.swift in Sources */,
				A325795D21D5540800DB5980 /* FocusSquare.swift in Sources */,
				A3DEED5A21D588BC00381D74 /* StatusViewController.swift in Sources */,
				A325796321D5552C00DB5980 /* Utilities.swift in Sources */,
				A3DEED4B21D5878900381D74 /* ViewController+ARSCNViewDelegate.swift in Sources */,
				A3DEED4A21D5878900381D74 /* ThresholdPanGesture.swift in Sources */,
				A3DEED5421D5888900381D74 /* ViewController.swift in Sources */,
				A3DEED4621D5878900381D74 /* ViewController+Actions.swift in Sources */,
				A3DEED5521D5888900381D74 /* AppDelegate.swift in Sources */,
				A325796021D5546B00DB5980 /* FocusSquareSegment.swift in Sources */,
				A325796821D55A8500DB5980 /* VirtualObject.swift in Sources */,
				A325796721D55A8500DB5980 /* VirtualObjectLoader.swift in Sources */,
				A3DEED4721D5878900381D74 /* VirtualObjectInteraction.swift in Sources */,
			);
			runOnlyForDeploymentPostprocessing = 0;
		};
/* End PBXSourcesBuildPhase section */

/* Begin PBXVariantGroup section */
		A3D0591721D07B53000E1DA9 /* LaunchScreen.storyboard */ = {
			isa = PBXVariantGroup;
			children = (
				A3D0591821D07B53000E1DA9 /* Base */,
			);
			name = LaunchScreen.storyboard;
			sourceTree = "<group>";
		};
/* End PBXVariantGroup section */

/* Begin XCBuildConfiguration section */
		A3D0591B21D07B53000E1DA9 /* Debug */ = {
			isa = XCBuildConfiguration;
			buildSettings = {
				ALWAYS_SEARCH_USER_PATHS = NO;
				CLANG_ANALYZER_NONNULL = YES;
				CLANG_ANALYZER_NUMBER_OBJECT_CONVERSION = YES_AGGRESSIVE;
				CLANG_CXX_LANGUAGE_STANDARD = "gnu++14";
				CLANG_CXX_LIBRARY = "libc++";
				CLANG_ENABLE_MODULES = YES;
				CLANG_ENABLE_OBJC_ARC = YES;
				CLANG_ENABLE_OBJC_WEAK = YES;
				CLANG_WARN_BLOCK_CAPTURE_AUTORELEASING = YES;
				CLANG_WARN_BOOL_CONVERSION = YES;
				CLANG_WARN_COMMA = YES;
				CLANG_WARN_CONSTANT_CONVERSION = YES;
				CLANG_WARN_DEPRECATED_OBJC_IMPLEMENTATIONS = YES;
				CLANG_WARN_DIRECT_OBJC_ISA_USAGE = YES_ERROR;
				CLANG_WARN_DOCUMENTATION_COMMENTS = YES;
				CLANG_WARN_EMPTY_BODY = YES;
				CLANG_WARN_ENUM_CONVERSION = YES;
				CLANG_WARN_INFINITE_RECURSION = YES;
				CLANG_WARN_INT_CONVERSION = YES;
				CLANG_WARN_NON_LITERAL_NULL_CONVERSION = YES;
				CLANG_WARN_OBJC_IMPLICIT_RETAIN_SELF = YES;
				CLANG_WARN_OBJC_LITERAL_CONVERSION = YES;
				CLANG_WARN_OBJC_ROOT_CLASS = YES_ERROR;
				CLANG_WARN_RANGE_LOOP_ANALYSIS = YES;
				CLANG_WARN_STRICT_PROTOTYPES = YES;
				CLANG_WARN_SUSPICIOUS_MOVE = YES;
				CLANG_WARN_UNGUARDED_AVAILABILITY = YES_AGGRESSIVE;
				CLANG_WARN_UNREACHABLE_CODE = YES;
				CLANG_WARN__DUPLICATE_METHOD_MATCH = YES;
				CODE_SIGN_IDENTITY = "iPhone Developer";
				COPY_PHASE_STRIP = NO;
				DEBUG_INFORMATION_FORMAT = dwarf;
				ENABLE_STRICT_OBJC_MSGSEND = YES;
				ENABLE_TESTABILITY = YES;
				GCC_C_LANGUAGE_STANDARD = gnu11;
				GCC_DYNAMIC_NO_PIC = NO;
				GCC_NO_COMMON_BLOCKS = YES;
				GCC_OPTIMIZATION_LEVEL = 0;
				GCC_PREPROCESSOR_DEFINITIONS = (
					"DEBUG=1",
					"$(inherited)",
				);
				GCC_WARN_64_TO_32_BIT_CONVERSION = YES;
				GCC_WARN_ABOUT_RETURN_TYPE = YES_ERROR;
				GCC_WARN_UNDECLARED_SELECTOR = YES;
				GCC_WARN_UNINITIALIZED_AUTOS = YES_AGGRESSIVE;
				GCC_WARN_UNUSED_FUNCTION = YES;
				GCC_WARN_UNUSED_VARIABLE = YES;
				IPHONEOS_DEPLOYMENT_TARGET = 12.1;
				MTL_ENABLE_DEBUG_INFO = INCLUDE_SOURCE;
				MTL_FAST_MATH = YES;
				ONLY_ACTIVE_ARCH = YES;
				SDKROOT = iphoneos;
				SWIFT_ACTIVE_COMPILATION_CONDITIONS = DEBUG;
				SWIFT_OPTIMIZATION_LEVEL = "-Onone";
			};
			name = Debug;
		};
		A3D0591C21D07B53000E1DA9 /* Release */ = {
			isa = XCBuildConfiguration;
			buildSettings = {
				ALWAYS_SEARCH_USER_PATHS = NO;
				CLANG_ANALYZER_NONNULL = YES;
				CLANG_ANALYZER_NUMBER_OBJECT_CONVERSION = YES_AGGRESSIVE;
				CLANG_CXX_LANGUAGE_STANDARD = "gnu++14";
				CLANG_CXX_LIBRARY = "libc++";
				CLANG_ENABLE_MODULES = YES;
				CLANG_ENABLE_OBJC_ARC = YES;
				CLANG_ENABLE_OBJC_WEAK = YES;
				CLANG_WARN_BLOCK_CAPTURE_AUTORELEASING = YES;
				CLANG_WARN_BOOL_CONVERSION = YES;
				CLANG_WARN_COMMA = YES;
				CLANG_WARN_CONSTANT_CONVERSION = YES;
				CLANG_WARN_DEPRECATED_OBJC_IMPLEMENTATIONS = YES;
				CLANG_WARN_DIRECT_OBJC_ISA_USAGE = YES_ERROR;
				CLANG_WARN_DOCUMENTATION_COMMENTS = YES;
				CLANG_WARN_EMPTY_BODY = YES;
				CLANG_WARN_ENUM_CONVERSION = YES;
				CLANG_WARN_INFINITE_RECURSION = YES;
				CLANG_WARN_INT_CONVERSION = YES;
				CLANG_WARN_NON_LITERAL_NULL_CONVERSION = YES;
				CLANG_WARN_OBJC_IMPLICIT_RETAIN_SELF = YES;
				CLANG_WARN_OBJC_LITERAL_CONVERSION = YES;
				CLANG_WARN_OBJC_ROOT_CLASS = YES_ERROR;
				CLANG_WARN_RANGE_LOOP_ANALYSIS = YES;
				CLANG_WARN_STRICT_PROTOTYPES = YES;
				CLANG_WARN_SUSPICIOUS_MOVE = YES;
				CLANG_WARN_UNGUARDED_AVAILABILITY = YES_AGGRESSIVE;
				CLANG_WARN_UNREACHABLE_CODE = YES;
				CLANG_WARN__DUPLICATE_METHOD_MATCH = YES;
				CODE_SIGN_IDENTITY = "iPhone Developer";
				COPY_PHASE_STRIP = NO;
				DEBUG_INFORMATION_FORMAT = "dwarf-with-dsym";
				ENABLE_NS_ASSERTIONS = NO;
				ENABLE_STRICT_OBJC_MSGSEND = YES;
				GCC_C_LANGUAGE_STANDARD = gnu11;
				GCC_NO_COMMON_BLOCKS = YES;
				GCC_WARN_64_TO_32_BIT_CONVERSION = YES;
				GCC_WARN_ABOUT_RETURN_TYPE = YES_ERROR;
				GCC_WARN_UNDECLARED_SELECTOR = YES;
				GCC_WARN_UNINITIALIZED_AUTOS = YES_AGGRESSIVE;
				GCC_WARN_UNUSED_FUNCTION = YES;
				GCC_WARN_UNUSED_VARIABLE = YES;
				IPHONEOS_DEPLOYMENT_TARGET = 12.1;
				MTL_ENABLE_DEBUG_INFO = NO;
				MTL_FAST_MATH = YES;
				SDKROOT = iphoneos;
				SWIFT_COMPILATION_MODE = wholemodule;
				SWIFT_OPTIMIZATION_LEVEL = "-O";
				VALIDATE_PRODUCT = YES;
			};
			name = Release;
		};
		A3D0591E21D07B53000E1DA9 /* Debug */ = {
			isa = XCBuildConfiguration;
			buildSettings = {
				ASSETCATALOG_COMPILER_APPICON_NAME = AppIcon;
				CODE_SIGN_STYLE = Automatic;
				DEVELOPMENT_TEAM = N7J8S899PZ;
				INFOPLIST_FILE = ARZoo/Resources/Info.plist;
				LD_RUNPATH_SEARCH_PATHS = (
					"$(inherited)",
					"@executable_path/Frameworks",
				);
				PRODUCT_BUNDLE_IDENTIFIER = com.maohao.ios.ARZoo;
				PRODUCT_NAME = "$(TARGET_NAME)";
				SWIFT_VERSION = 4.2;
				TARGETED_DEVICE_FAMILY = "1,2";
			};
			name = Debug;
		};
		A3D0591F21D07B53000E1DA9 /* Release */ = {
			isa = XCBuildConfiguration;
			buildSettings = {
				ASSETCATALOG_COMPILER_APPICON_NAME = AppIcon;
				CODE_SIGN_STYLE = Automatic;
				DEVELOPMENT_TEAM = N7J8S899PZ;
				INFOPLIST_FILE = ARZoo/Resources/Info.plist;
				LD_RUNPATH_SEARCH_PATHS = (
					"$(inherited)",
					"@executable_path/Frameworks",
				);
				PRODUCT_BUNDLE_IDENTIFIER = com.maohao.ios.ARZoo;
				PRODUCT_NAME = "$(TARGET_NAME)";
				SWIFT_VERSION = 4.2;
				TARGETED_DEVICE_FAMILY = "1,2";
			};
			name = Release;
		};
/* End XCBuildConfiguration section */

/* Begin XCConfigurationList section */
		A3D0590421D07B51000E1DA9 /* Build configuration list for PBXProject "ARZoo" */ = {
			isa = XCConfigurationList;
			buildConfigurations = (
				A3D0591B21D07B53000E1DA9 /* Debug */,
				A3D0591C21D07B53000E1DA9 /* Release */,
			);
			defaultConfigurationIsVisible = 0;
			defaultConfigurationName = Release;
		};
		A3D0591D21D07B53000E1DA9 /* Build configuration list for PBXNativeTarget "ARZoo" */ = {
			isa = XCConfigurationList;
			buildConfigurations = (
				A3D0591E21D07B53000E1DA9 /* Debug */,
				A3D0591F21D07B53000E1DA9 /* Release */,
			);
			defaultConfigurationIsVisible = 0;
			defaultConfigurationName = Release;
		};
/* End XCConfigurationList section */
	};
	rootObject = A3D0590121D07B51000E1DA9 /* Project object */;
}
